
Microsoft Visual Studio Solution File, Format Version 12.00
# Visual Studio 15
Project("{FAE04EC0-301F-11D3-BF4B-00C04F79EFBC}") = "primerparcial", "primerparcial\primerparcial.csproj", "{924E34A3-81B9-46B7-935A-6CD11BEDAEC2}"
EndProject
Global
	GlobalSection(SolutionConfigurationPlatforms) = preSolution
		Debug|anycpu = Debug|anycpu
		Release|anycpu = Release|anycpu
	EndGlobalSection
	GlobalSection(ProjectConfigurationPlatforms) = postSolution
		{924E34A3-81B9-46B7-935A-6CD11BEDAEC2}.Debug|anycpu.ActiveCfg = Debug|anycpu
		{924E34A3-81B9-46B7-935A-6CD11BEDAEC2}.Debug|anycpu.Build.0 = Debug|anycpu
		{924E34A3-81B9-46B7-935A-6CD11BEDAEC2}.Release|anycpu.ActiveCfg = Release|anycpu
		{924E34A3-81B9-46B7-935A-6CD11BEDAEC2}.Release|anycpu.Build.0 = Release|anycpu
	EndGlobalSection
EndGlobal
